
Microsoft Visual Studio Solution File, Format Version 11.00
# Visual Studio 2010
Project("{FAE04EC0-301F-11D3-BF4B-00C04F79EFBC}") = "led1", "led1\led1.csproj", "{EB3822F5-7202-4365-9A9A-013B884CE9FD}"
EndProject
Global
	GlobalSection(SolutionConfigurationPlatforms) = preSolution
		Debug|x86 = Debug|x86
		Release|x86 = Release|x86
	EndGlobalSection
	GlobalSection(ProjectConfigurationPlatforms) = postSolution
		{EB3822F5-7202-4365-9A9A-013B884CE9FD}.Debug|x86.ActiveCfg = Debug|x86
		{EB3822F5-7202-4365-9A9A-013B884CE9FD}.Debug|x86.Build.0 = Debug|x86
		{EB3822F5-7202-4365-9A9A-013B884CE9FD}.Release|x86.ActiveCfg = Release|x86
		{EB3822F5-7202-4365-9A9A-013B884CE9FD}.Release|x86.Build.0 = Release|x86
	EndGlobalSection
	GlobalSection(SolutionProperties) = preSolution
		HideSolutionNode = FALSE
	EndGlobalSection
EndGlobal
